
Microsoft Visual Studio Solution File, Format Version 12.00
# Visual Studio Version 17
VisualStudioVersion = 17.8.34330.188
MinimumVisualStudioVersion = 10.0.40219.1
Project("{9A19103F-16F7-4668-BE54-9A1E7A4F7556}") = "TechASAApp", "TechASAApp.csproj", "{A7089E11-61BA-44D9-9C05-2B7E6D19310D}"
EndProject
Project("{9A19103F-16F7-4668-BE54-9A1E7A4F7556}") = "DataTecha", "..\..\..\TechASA\DataTecha\DataTecha.csproj", "{DBF4B8AE-E0FF-4410-A05D-7EF76B701F53}"
EndProject
Project("{9A19103F-16F7-4668-BE54-9A1E7A4F7556}") = "BusinessTecha", "..\..\..\TechASA\BusinessTecha\BusinessTecha.csproj", "{4A2F8018-7DB5-4471-A073-4B3A6097390D}"
EndProject
Global
	GlobalSection(SolutionConfigurationPlatforms) = preSolution
		Debug|Any CPU = Debug|Any CPU
		Release|Any CPU = Release|Any CPU
	EndGlobalSection
	GlobalSection(ProjectConfigurationPlatforms) = postSolution
		{A7089E11-61BA-44D9-9C05-2B7E6D19310D}.Debug|Any CPU.ActiveCfg = Debug|Any CPU
		{A7089E11-61BA-44D9-9C05-2B7E6D19310D}.Debug|Any CPU.Build.0 = Debug|Any CPU
		{A7089E11-61BA-44D9-9C05-2B7E6D19310D}.Release|Any CPU.ActiveCfg = Release|Any CPU
		{A7089E11-61BA-44D9-9C05-2B7E6D19310D}.Release|Any CPU.Build.0 = Release|Any CPU
		{DBF4B8AE-E0FF-4410-A05D-7EF76B701F53}.Debug|Any CPU.ActiveCfg = Debug|Any CPU
		{DBF4B8AE-E0FF-4410-A05D-7EF76B701F53}.Debug|Any CPU.Build.0 = Debug|Any CPU
		{DBF4B8AE-E0FF-4410-A05D-7EF76B701F53}.Release|Any CPU.ActiveCfg = Release|Any CPU
		{DBF4B8AE-E0FF-4410-A05D-7EF76B701F53}.Release|Any CPU.Build.0 = Release|Any CPU
		{4A2F8018-7DB5-4471-A073-4B3A6097390D}.Debug|Any CPU.ActiveCfg = Debug|Any CPU
		{4A2F8018-7DB5-4471-A073-4B3A6097390D}.Debug|Any CPU.Build.0 = Debug|Any CPU
		{4A2F8018-7DB5-4471-A073-4B3A6097390D}.Release|Any CPU.ActiveCfg = Release|Any CPU
		{4A2F8018-7DB5-4471-A073-4B3A6097390D}.Release|Any CPU.Build.0 = Release|Any CPU
	EndGlobalSection
	GlobalSection(SolutionProperties) = preSolution
		HideSolutionNode = FALSE
	EndGlobalSection
	GlobalSection(ExtensibilityGlobals) = postSolution
		SolutionGuid = {1112617D-1EE0-4997-B00D-C85432ECAD58}
	EndGlobalSection
EndGlobal
